
Microsoft Visual Studio Solution File, Format Version 12.00
# Visual Studio 15
VisualStudioVersion = 15.0.27703.2042
MinimumVisualStudioVersion = 10.0.40219.1
Project("{FAE04EC0-301F-11D3-BF4B-00C04F79EFBC}") = "HoursRegisteringRestService", "HoursRegisteringRestService\HoursRegisteringRestService.csproj", "{06B8C1E5-5EB2-4879-B87E-C15732867B95}"
EndProject
Global
	GlobalSection(SolutionConfigurationPlatforms) = preSolution
		Debug|Any CPU = Debug|Any CPU
		Release|Any CPU = Release|Any CPU
	EndGlobalSection
	GlobalSection(ProjectConfigurationPlatforms) = postSolution
		{06B8C1E5-5EB2-4879-B87E-C15732867B95}.Debug|Any CPU.ActiveCfg = Debug|Any CPU
		{06B8C1E5-5EB2-4879-B87E-C15732867B95}.Debug|Any CPU.Build.0 = Debug|Any CPU
		{06B8C1E5-5EB2-4879-B87E-C15732867B95}.Release|Any CPU.ActiveCfg = Release|Any CPU
		{06B8C1E5-5EB2-4879-B87E-C15732867B95}.Release|Any CPU.Build.0 = Release|Any CPU
	EndGlobalSection
	GlobalSection(SolutionProperties) = preSolution
		HideSolutionNode = FALSE
	EndGlobalSection
	GlobalSection(ExtensibilityGlobals) = postSolution
		SolutionGuid = {90B2349F-1333-42A3-BF72-9E9F4745855B}
	EndGlobalSection
EndGlobal
